
Microsoft Visual Studio Solution File, Format Version 12.00
# Visual Studio Version 17
VisualStudioVersion = 17.5.33530.505
MinimumVisualStudioVersion = 10.0.40219.1
Project("{FAE04EC0-301F-11D3-BF4B-00C04F79EFBC}") = "CODING_EXERCISE", "CODING_EXERCISE_Roksana_Zajac\CODING_EXERCISE.csproj", "{3991D280-8019-45CD-9FC3-C35669FEE35F}"
EndProject
Project("{FAE04EC0-301F-11D3-BF4B-00C04F79EFBC}") = "CODING_EXERCISE_Tests", "CODING_EXERCISE_Tests\CODING_EXERCISE_Tests.csproj", "{28A9F104-1F2E-47FB-BF12-EFEF07C4424C}"
EndProject
Global
	GlobalSection(SolutionConfigurationPlatforms) = preSolution
		Debug|Any CPU = Debug|Any CPU
		Release|Any CPU = Release|Any CPU
	EndGlobalSection
	GlobalSection(ProjectConfigurationPlatforms) = postSolution
		{3991D280-8019-45CD-9FC3-C35669FEE35F}.Debug|Any CPU.ActiveCfg = Debug|Any CPU
		{3991D280-8019-45CD-9FC3-C35669FEE35F}.Debug|Any CPU.Build.0 = Debug|Any CPU
		{3991D280-8019-45CD-9FC3-C35669FEE35F}.Release|Any CPU.ActiveCfg = Release|Any CPU
		{3991D280-8019-45CD-9FC3-C35669FEE35F}.Release|Any CPU.Build.0 = Release|Any CPU
		{28A9F104-1F2E-47FB-BF12-EFEF07C4424C}.Debug|Any CPU.ActiveCfg = Debug|Any CPU
		{28A9F104-1F2E-47FB-BF12-EFEF07C4424C}.Debug|Any CPU.Build.0 = Debug|Any CPU
		{28A9F104-1F2E-47FB-BF12-EFEF07C4424C}.Release|Any CPU.ActiveCfg = Release|Any CPU
		{28A9F104-1F2E-47FB-BF12-EFEF07C4424C}.Release|Any CPU.Build.0 = Release|Any CPU
	EndGlobalSection
	GlobalSection(SolutionProperties) = preSolution
		HideSolutionNode = FALSE
	EndGlobalSection
	GlobalSection(ExtensibilityGlobals) = postSolution
		SolutionGuid = {D3B93C4D-3B1A-456B-BCD6-9406EFFDB37D}
	EndGlobalSection
EndGlobal
